// !$*UTF8*$!
{
	archiveVersion = 1;
	classes = {
	};
	objectVersion = 55;
	objects = {

/* Begin PBXBuildFile section */
		3783425D28CF20A700237B99 /* AppDelegate.swift in Sources */ = {isa = PBXBuildFile; fileRef = 3783425C28CF20A700237B99 /* AppDelegate.swift */; };
		3783425F28CF20A700237B99 /* SceneDelegate.swift in Sources */ = {isa = PBXBuildFile; fileRef = 3783425E28CF20A700237B99 /* SceneDelegate.swift */; };
		3783426128CF20A700237B99 /* ViewController.swift in Sources */ = {isa = PBXBuildFile; fileRef = 3783426028CF20A700237B99 /* ViewController.swift */; };
		3783426428CF20A700237B99 /* Main.storyboard in Resources */ = {isa = PBXBuildFile; fileRef = 3783426228CF20A700237B99 /* Main.storyboard */; };
		3783426628CF20A900237B99 /* Assets.xcassets in Resources */ = {isa = PBXBuildFile; fileRef = 3783426528CF20A900237B99 /* Assets.xcassets */; };
		3783426928CF20A900237B99 /* LaunchScreen.storyboard in Resources */ = {isa = PBXBuildFile; fileRef = 3783426728CF20A900237B99 /* LaunchScreen.storyboard */; };
		3783427B28CF4EF900237B99 /* MemberInfo.swift in Sources */ = {isa = PBXBuildFile; fileRef = 3783427A28CF4EF900237B99 /* MemberInfo.swift */; };
		37FDEA9A28D053B2002CE136 /* Realm in Frameworks */ = {isa = PBXBuildFile; productRef = 37FDEA9928D053B2002CE136 /* Realm */; };
		37FDEA9C28D053B2002CE136 /* RealmSwift in Frameworks */ = {isa = PBXBuildFile; productRef = 37FDEA9B28D053B2002CE136 /* RealmSwift */; };
		37FDEA9F28D05523002CE136 /* SnapKit in Frameworks */ = {isa = PBXBuildFile; productRef = 37FDEA9E28D05523002CE136 /* SnapKit */; };
/* End PBXBuildFile section */

/* Begin PBXFileReference section */
		3783425928CF20A700237B99 /* Blessen.app */ = {isa = PBXFileReference; explicitFileType = wrapper.application; includeInIndex = 0; path = Blessen.app; sourceTree = BUILT_PRODUCTS_DIR; };
		3783425C28CF20A700237B99 /* AppDelegate.swift */ = {isa = PBXFileReference; lastKnownFileType = sourcecode.swift; path = AppDelegate.swift; sourceTree = "<group>"; };
		3783425E28CF20A700237B99 /* SceneDelegate.swift */ = {isa = PBXFileReference; lastKnownFileType = sourcecode.swift; path = SceneDelegate.swift; sourceTree = "<group>"; };
		3783426028CF20A700237B99 /* ViewController.swift */ = {isa = PBXFileReference; lastKnownFileType = sourcecode.swift; path = ViewController.swift; sourceTree = "<group>"; };
		3783426328CF20A700237B99 /* Base */ = {isa = PBXFileReference; lastKnownFileType = file.storyboard; name = Base; path = Base.lproj/Main.storyboard; sourceTree = "<group>"; };
		3783426528CF20A900237B99 /* Assets.xcassets */ = {isa = PBXFileReference; lastKnownFileType = folder.assetcatalog; path = Assets.xcassets; sourceTree = "<group>"; };
		3783426828CF20A900237B99 /* Base */ = {isa = PBXFileReference; lastKnownFileType = file.storyboard; name = Base; path = Base.lproj/LaunchScreen.storyboard; sourceTree = "<group>"; };
		3783426A28CF20A900237B99 /* Info.plist */ = {isa = PBXFileReference; lastKnownFileType = text.plist.xml; path = Info.plist; sourceTree = "<group>"; };
		3783427A28CF4EF900237B99 /* MemberInfo.swift */ = {isa = PBXFileReference; lastKnownFileType = sourcecode.swift; path = MemberInfo.swift; sourceTree = "<group>"; };
/* End PBXFileReference section */

/* Begin PBXFrameworksBuildPhase section */
		3783425628CF20A700237B99 /* Frameworks */ = {
			isa = PBXFrameworksBuildPhase;
			buildActionMask = 2147483647;
			files = (
				37FDEA9F28D05523002CE136 /* SnapKit in Frameworks */,
				37FDEA9C28D053B2002CE136 /* RealmSwift in Frameworks */,
				37FDEA9A28D053B2002CE136 /* Realm in Frameworks */,
			);
			runOnlyForDeploymentPostprocessing = 0;
		};
/* End PBXFrameworksBuildPhase section */

/* Begin PBXGroup section */
		3783425028CF20A700237B99 = {
			isa = PBXGroup;
			children = (
				3783425B28CF20A700237B99 /* Blessen */,
				3783425A28CF20A700237B99 /* Products */,
			);
			sourceTree = "<group>";
		};
		3783425A28CF20A700237B99 /* Products */ = {
			isa = PBXGroup;
			children = (
				3783425928CF20A700237B99 /* Blessen.app */,
			);
			name = Products;
			sourceTree = "<group>";
		};
		3783425B28CF20A700237B99 /* Blessen */ = {
			isa = PBXGroup;
			children = (
				3783427928CF24CD00237B99 /* Realm */,
				3783427628CF245F00237B99 /* Utility(BaseView) */,
				3783427528CF243200237B99 /* Scene */,
				3783427428CF232600237B99 /* Extension */,
				3783425C28CF20A700237B99 /* AppDelegate.swift */,
				3783425E28CF20A700237B99 /* SceneDelegate.swift */,
				3783426028CF20A700237B99 /* ViewController.swift */,
				3783426228CF20A700237B99 /* Main.storyboard */,
				3783426528CF20A900237B99 /* Assets.xcassets */,
				3783426728CF20A900237B99 /* LaunchScreen.storyboard */,
				3783426A28CF20A900237B99 /* Info.plist */,
			);
			path = Blessen;
			sourceTree = "<group>";
		};
		3783427028CF219B00237B99 /* Main */ = {
			isa = PBXGroup;
			children = (
			);
			path = Main;
			sourceTree = "<group>";
		};
		3783427128CF22EB00237B99 /* Calendar */ = {
			isa = PBXGroup;
			children = (
			);
			path = Calendar;
			sourceTree = "<group>";
		};
		3783427228CF231100237B99 /* Setting */ = {
			isa = PBXGroup;
			children = (
			);
			path = Setting;
			sourceTree = "<group>";
		};
		3783427428CF232600237B99 /* Extension */ = {
			isa = PBXGroup;
			children = (
			);
			path = Extension;
			sourceTree = "<group>";
		};
		3783427528CF243200237B99 /* Scene */ = {
			isa = PBXGroup;
			children = (
				3783427028CF219B00237B99 /* Main */,
				3783427228CF231100237B99 /* Setting */,
				3783427128CF22EB00237B99 /* Calendar */,
			);
			path = Scene;
			sourceTree = "<group>";
		};
		3783427628CF245F00237B99 /* Utility(BaseView) */ = {
			isa = PBXGroup;
			children = (
				3783427828CF248000237B99 /* CustomView */,
				3783427728CF247800237B99 /* Constant */,
			);
			path = "Utility(BaseView)";
			sourceTree = "<group>";
		};
		3783427728CF247800237B99 /* Constant */ = {
			isa = PBXGroup;
			children = (
			);
			path = Constant;
			sourceTree = "<group>";
		};
		3783427828CF248000237B99 /* CustomView */ = {
			isa = PBXGroup;
			children = (
			);
			path = CustomView;
			sourceTree = "<group>";
		};
		3783427928CF24CD00237B99 /* Realm */ = {
			isa = PBXGroup;
			children = (
				3783427A28CF4EF900237B99 /* MemberInfo.swift */,
			);
			path = Realm;
			sourceTree = "<group>";
		};
/* End PBXGroup section */

/* Begin PBXNativeTarget section */
		3783425828CF20A700237B99 /* Blessen */ = {
			isa = PBXNativeTarget;
			buildConfigurationList = 3783426D28CF20A900237B99 /* Build configuration list for PBXNativeTarget "Blessen" */;
			buildPhases = (
				3783425528CF20A700237B99 /* Sources */,
				3783425628CF20A700237B99 /* Frameworks */,
				3783425728CF20A700237B99 /* Resources */,
			);
			buildRules = (
			);
			dependencies = (
			);
			name = Blessen;
			packageProductDependencies = (
				37FDEA9928D053B2002CE136 /* Realm */,
				37FDEA9B28D053B2002CE136 /* RealmSwift */,
				37FDEA9E28D05523002CE136 /* SnapKit */,
			);
			productName = Blessen;
			productReference = 3783425928CF20A700237B99 /* Blessen.app */;
			productType = "com.apple.product-type.application";
		};
/* End PBXNativeTarget section */

/* Begin PBXProject section */
		3783425128CF20A700237B99 /* Project object */ = {
			isa = PBXProject;
			attributes = {
				BuildIndependentTargetsInParallel = 1;
				LastSwiftUpdateCheck = 1340;
				LastUpgradeCheck = 1340;
				TargetAttributes = {
					3783425828CF20A700237B99 = {
						CreatedOnToolsVersion = 13.4.1;
					};
				};
			};
			buildConfigurationList = 3783425428CF20A700237B99 /* Build configuration list for PBXProject "Blessen" */;
			compatibilityVersion = "Xcode 13.0";
			developmentRegion = en;
			hasScannedForEncodings = 0;
			knownRegions = (
				en,
				Base,
			);
			mainGroup = 3783425028CF20A700237B99;
			packageReferences = (
				37FDEA9828D053B2002CE136 /* XCRemoteSwiftPackageReference "realm-swift" */,
				37FDEA9D28D05523002CE136 /* XCRemoteSwiftPackageReference "SnapKit" */,
			);
			productRefGroup = 3783425A28CF20A700237B99 /* Products */;
			projectDirPath = "";
			projectRoot = "";
			targets = (
				3783425828CF20A700237B99 /* Blessen */,
			);
		};
/* End PBXProject section */

/* Begin PBXResourcesBuildPhase section */
		3783425728CF20A700237B99 /* Resources */ = {
			isa = PBXResourcesBuildPhase;
			buildActionMask = 2147483647;
			files = (
				3783426928CF20A900237B99 /* LaunchScreen.storyboard in Resources */,
				3783426628CF20A900237B99 /* Assets.xcassets in Resources */,
				3783426428CF20A700237B99 /* Main.storyboard in Resources */,
			);
			runOnlyForDeploymentPostprocessing = 0;
		};
/* End PBXResourcesBuildPhase section */

/* Begin PBXSourcesBuildPhase section */
		3783425528CF20A700237B99 /* Sources */ = {
			isa = PBXSourcesBuildPhase;
			buildActionMask = 2147483647;
			files = (
				3783426128CF20A700237B99 /* ViewController.swift in Sources */,
				3783425D28CF20A700237B99 /* AppDelegate.swift in Sources */,
				3783425F28CF20A700237B99 /* SceneDelegate.swift in Sources */,
				3783427B28CF4EF900237B99 /* MemberInfo.swift in Sources */,
			);
			runOnlyForDeploymentPostprocessing = 0;
		};
/* End PBXSourcesBuildPhase section */

/* Begin PBXVariantGroup section */
		3783426228CF20A700237B99 /* Main.storyboard */ = {
			isa = PBXVariantGroup;
			children = (
				3783426328CF20A700237B99 /* Base */,
			);
			name = Main.storyboard;
			sourceTree = "<group>";
		};
		3783426728CF20A900237B99 /* LaunchScreen.storyboard */ = {
			isa = PBXVariantGroup;
			children = (
				3783426828CF20A900237B99 /* Base */,
			);
			name = LaunchScreen.storyboard;
			sourceTree = "<group>";
		};
/* End PBXVariantGroup section */

/* Begin XCBuildConfiguration section */
		3783426B28CF20A900237B99 /* Debug */ = {
			isa = XCBuildConfiguration;
			buildSettings = {
				ALWAYS_SEARCH_USER_PATHS = NO;
				CLANG_ANALYZER_NONNULL = YES;
				CLANG_ANALYZER_NUMBER_OBJECT_CONVERSION = YES_AGGRESSIVE;
				CLANG_CXX_LANGUAGE_STANDARD = "gnu++17";
				CLANG_ENABLE_MODULES = YES;
				CLANG_ENABLE_OBJC_ARC = YES;
				CLANG_ENABLE_OBJC_WEAK = YES;
				CLANG_WARN_BLOCK_CAPTURE_AUTORELEASING = YES;
				CLANG_WARN_BOOL_CONVERSION = YES;
				CLANG_WARN_COMMA = YES;
				CLANG_WARN_CONSTANT_CONVERSION = YES;
				CLANG_WARN_DEPRECATED_OBJC_IMPLEMENTATIONS = YES;
				CLANG_WARN_DIRECT_OBJC_ISA_USAGE = YES_ERROR;
				CLANG_WARN_DOCUMENTATION_COMMENTS = YES;
				CLANG_WARN_EMPTY_BODY = YES;
				CLANG_WARN_ENUM_CONVERSION = YES;
				CLANG_WARN_INFINITE_RECURSION = YES;
				CLANG_WARN_INT_CONVERSION = YES;
				CLANG_WARN_NON_LITERAL_NULL_CONVERSION = YES;
				CLANG_WARN_OBJC_IMPLICIT_RETAIN_SELF = YES;
				CLANG_WARN_OBJC_LITERAL_CONVERSION = YES;
				CLANG_WARN_OBJC_ROOT_CLASS = YES_ERROR;
				CLANG_WARN_QUOTED_INCLUDE_IN_FRAMEWORK_HEADER = YES;
				CLANG_WARN_RANGE_LOOP_ANALYSIS = YES;
				CLANG_WARN_STRICT_PROTOTYPES = YES;
				CLANG_WARN_SUSPICIOUS_MOVE = YES;
				CLANG_WARN_UNGUARDED_AVAILABILITY = YES_AGGRESSIVE;
				CLANG_WARN_UNREACHABLE_CODE = YES;
				CLANG_WARN__DUPLICATE_METHOD_MATCH = YES;
				COPY_PHASE_STRIP = NO;
				DEBUG_INFORMATION_FORMAT = dwarf;
				ENABLE_STRICT_OBJC_MSGSEND = YES;
				ENABLE_TESTABILITY = YES;
				GCC_C_LANGUAGE_STANDARD = gnu11;
				GCC_DYNAMIC_NO_PIC = NO;
				GCC_NO_COMMON_BLOCKS = YES;
				GCC_OPTIMIZATION_LEVEL = 0;
				GCC_PREPROCESSOR_DEFINITIONS = (
					"DEBUG=1",
					"$(inherited)",
				);
				GCC_WARN_64_TO_32_BIT_CONVERSION = YES;
				GCC_WARN_ABOUT_RETURN_TYPE = YES_ERROR;
				GCC_WARN_UNDECLARED_SELECTOR = YES;
				GCC_WARN_UNINITIALIZED_AUTOS = YES_AGGRESSIVE;
				GCC_WARN_UNUSED_FUNCTION = YES;
				GCC_WARN_UNUSED_VARIABLE = YES;
				IPHONEOS_DEPLOYMENT_TARGET = 15.5;
				MTL_ENABLE_DEBUG_INFO = INCLUDE_SOURCE;
				MTL_FAST_MATH = YES;
				ONLY_ACTIVE_ARCH = YES;
				SDKROOT = iphoneos;
				SWIFT_ACTIVE_COMPILATION_CONDITIONS = DEBUG;
				SWIFT_OPTIMIZATION_LEVEL = "-Onone";
			};
			name = Debug;
		};
		3783426C28CF20A900237B99 /* Release */ = {
			isa = XCBuildConfiguration;
			buildSettings = {
				ALWAYS_SEARCH_USER_PATHS = NO;
				CLANG_ANALYZER_NONNULL = YES;
				CLANG_ANALYZER_NUMBER_OBJECT_CONVERSION = YES_AGGRESSIVE;
				CLANG_CXX_LANGUAGE_STANDARD = "gnu++17";
				CLANG_ENABLE_MODULES = YES;
				CLANG_ENABLE_OBJC_ARC = YES;
				CLANG_ENABLE_OBJC_WEAK = YES;
				CLANG_WARN_BLOCK_CAPTURE_AUTORELEASING = YES;
				CLANG_WARN_BOOL_CONVERSION = YES;
				CLANG_WARN_COMMA = YES;
				CLANG_WARN_CONSTANT_CONVERSION = YES;
				CLANG_WARN_DEPRECATED_OBJC_IMPLEMENTATIONS = YES;
				CLANG_WARN_DIRECT_OBJC_ISA_USAGE = YES_ERROR;
				CLANG_WARN_DOCUMENTATION_COMMENTS = YES;
				CLANG_WARN_EMPTY_BODY = YES;
				CLANG_WARN_ENUM_CONVERSION = YES;
				CLANG_WARN_INFINITE_RECURSION = YES;
				CLANG_WARN_INT_CONVERSION = YES;
				CLANG_WARN_NON_LITERAL_NULL_CONVERSION = YES;
				CLANG_WARN_OBJC_IMPLICIT_RETAIN_SELF = YES;
				CLANG_WARN_OBJC_LITERAL_CONVERSION = YES;
				CLANG_WARN_OBJC_ROOT_CLASS = YES_ERROR;
				CLANG_WARN_QUOTED_INCLUDE_IN_FRAMEWORK_HEADER = YES;
				CLANG_WARN_RANGE_LOOP_ANALYSIS = YES;
				CLANG_WARN_STRICT_PROTOTYPES = YES;
				CLANG_WARN_SUSPICIOUS_MOVE = YES;
				CLANG_WARN_UNGUARDED_AVAILABILITY = YES_AGGRESSIVE;
				CLANG_WARN_UNREACHABLE_CODE = YES;
				CLANG_WARN__DUPLICATE_METHOD_MATCH = YES;
				COPY_PHASE_STRIP = NO;
				DEBUG_INFORMATION_FORMAT = "dwarf-with-dsym";
				ENABLE_NS_ASSERTIONS = NO;
				ENABLE_STRICT_OBJC_MSGSEND = YES;
				GCC_C_LANGUAGE_STANDARD = gnu11;
				GCC_NO_COMMON_BLOCKS = YES;
				GCC_WARN_64_TO_32_BIT_CONVERSION = YES;
				GCC_WARN_ABOUT_RETURN_TYPE = YES_ERROR;
				GCC_WARN_UNDECLARED_SELECTOR = YES;
				GCC_WARN_UNINITIALIZED_AUTOS = YES_AGGRESSIVE;
				GCC_WARN_UNUSED_FUNCTION = YES;
				GCC_WARN_UNUSED_VARIABLE = YES;
				IPHONEOS_DEPLOYMENT_TARGET = 15.5;
				MTL_ENABLE_DEBUG_INFO = NO;
				MTL_FAST_MATH = YES;
				SDKROOT = iphoneos;
				SWIFT_COMPILATION_MODE = wholemodule;
				SWIFT_OPTIMIZATION_LEVEL = "-O";
				VALIDATE_PRODUCT = YES;
			};
			name = Release;
		};
		3783426E28CF20A900237B99 /* Debug */ = {
			isa = XCBuildConfiguration;
			buildSettings = {
				ASSETCATALOG_COMPILER_APPICON_NAME = AppIcon;
				ASSETCATALOG_COMPILER_GLOBAL_ACCENT_COLOR_NAME = AccentColor;
				CODE_SIGN_STYLE = Automatic;
				CURRENT_PROJECT_VERSION = 1;
				DEVELOPMENT_TEAM = H2FTMY38H7;
				GENERATE_INFOPLIST_FILE = YES;
				INFOPLIST_FILE = Blessen/Info.plist;
				INFOPLIST_KEY_UIApplicationSupportsIndirectInputEvents = YES;
				INFOPLIST_KEY_UILaunchStoryboardName = LaunchScreen;
				INFOPLIST_KEY_UIMainStoryboardFile = Main;
				INFOPLIST_KEY_UISupportedInterfaceOrientations_iPad = "UIInterfaceOrientationPortrait UIInterfaceOrientationPortraitUpsideDown UIInterfaceOrientationLandscapeLeft UIInterfaceOrientationLandscapeRight";
				INFOPLIST_KEY_UISupportedInterfaceOrientations_iPhone = "UIInterfaceOrientationPortrait UIInterfaceOrientationLandscapeLeft UIInterfaceOrientationLandscapeRight";
				IPHONEOS_DEPLOYMENT_TARGET = 13.0;
				LD_RUNPATH_SEARCH_PATHS = (
					"$(inherited)",
					"@executable_path/Frameworks",
				);
				MARKETING_VERSION = 1.0;
				PRODUCT_BUNDLE_IDENTIFIER = com.jooyoung.Blessen;
				PRODUCT_NAME = "$(TARGET_NAME)";
				SWIFT_EMIT_LOC_STRINGS = YES;
				SWIFT_VERSION = 5.0;
				TARGETED_DEVICE_FAMILY = 1;
			};
			name = Debug;
		};
		3783426F28CF20A900237B99 /* Release */ = {
			isa = XCBuildConfiguration;
			buildSettings = {
				ASSETCATALOG_COMPILER_APPICON_NAME = AppIcon;
				ASSETCATALOG_COMPILER_GLOBAL_ACCENT_COLOR_NAME = AccentColor;
				CODE_SIGN_STYLE = Automatic;
				CURRENT_PROJECT_VERSION = 1;
				DEVELOPMENT_TEAM = H2FTMY38H7;
				GENERATE_INFOPLIST_FILE = YES;
				INFOPLIST_FILE = Blessen/Info.plist;
				INFOPLIST_KEY_UIApplicationSupportsIndirectInputEvents = YES;
				INFOPLIST_KEY_UILaunchStoryboardName = LaunchScreen;
				INFOPLIST_KEY_UIMainStoryboardFile = Main;
				INFOPLIST_KEY_UISupportedInterfaceOrientations_iPad = "UIInterfaceOrientationPortrait UIInterfaceOrientationPortraitUpsideDown UIInterfaceOrientationLandscapeLeft UIInterfaceOrientationLandscapeRight";
				INFOPLIST_KEY_UISupportedInterfaceOrientations_iPhone = "UIInterfaceOrientationPortrait UIInterfaceOrientationLandscapeLeft UIInterfaceOrientationLandscapeRight";
				IPHONEOS_DEPLOYMENT_TARGET = 13.0;
				LD_RUNPATH_SEARCH_PATHS = (
					"$(inherited)",
					"@executable_path/Frameworks",
				);
				MARKETING_VERSION = 1.0;
				PRODUCT_BUNDLE_IDENTIFIER = com.jooyoung.Blessen;
				PRODUCT_NAME = "$(TARGET_NAME)";
				SWIFT_EMIT_LOC_STRINGS = YES;
				SWIFT_VERSION = 5.0;
				TARGETED_DEVICE_FAMILY = 1;
			};
			name = Release;
		};
/* End XCBuildConfiguration section */

/* Begin XCConfigurationList section */
		3783425428CF20A700237B99 /* Build configuration list for PBXProject "Blessen" */ = {
			isa = XCConfigurationList;
			buildConfigurations = (
				3783426B28CF20A900237B99 /* Debug */,
				3783426C28CF20A900237B99 /* Release */,
			);
			defaultConfigurationIsVisible = 0;
			defaultConfigurationName = Release;
		};
		3783426D28CF20A900237B99 /* Build configuration list for PBXNativeTarget "Blessen" */ = {
			isa = XCConfigurationList;
			buildConfigurations = (
				3783426E28CF20A900237B99 /* Debug */,
				3783426F28CF20A900237B99 /* Release */,
			);
			defaultConfigurationIsVisible = 0;
			defaultConfigurationName = Release;
		};
/* End XCConfigurationList section */

/* Begin XCRemoteSwiftPackageReference section */
		37FDEA9828D053B2002CE136 /* XCRemoteSwiftPackageReference "realm-swift" */ = {
			isa = XCRemoteSwiftPackageReference;
			repositoryURL = "https://github.com/realm/realm-swift.git";
			requirement = {
				kind = upToNextMajorVersion;
				minimumVersion = 10.0.0;
			};
		};
		37FDEA9D28D05523002CE136 /* XCRemoteSwiftPackageReference "SnapKit" */ = {
			isa = XCRemoteSwiftPackageReference;
			repositoryURL = "https://github.com/SnapKit/SnapKit.git";
			requirement = {
				kind = upToNextMajorVersion;
				minimumVersion = 5.0.0;
			};
		};
/* End XCRemoteSwiftPackageReference section */

/* Begin XCSwiftPackageProductDependency section */
		37FDEA9928D053B2002CE136 /* Realm */ = {
			isa = XCSwiftPackageProductDependency;
			package = 37FDEA9828D053B2002CE136 /* XCRemoteSwiftPackageReference "realm-swift" */;
			productName = Realm;
		};
		37FDEA9B28D053B2002CE136 /* RealmSwift */ = {
			isa = XCSwiftPackageProductDependency;
			package = 37FDEA9828D053B2002CE136 /* XCRemoteSwiftPackageReference "realm-swift" */;
			productName = RealmSwift;
		};
		37FDEA9E28D05523002CE136 /* SnapKit */ = {
			isa = XCSwiftPackageProductDependency;
			package = 37FDEA9D28D05523002CE136 /* XCRemoteSwiftPackageReference "SnapKit" */;
			productName = SnapKit;
		};
/* End XCSwiftPackageProductDependency section */
	};
	rootObject = 3783425128CF20A700237B99 /* Project object */;
}
