// !$*UTF8*$!
{
	archiveVersion = 1;
	classes = {
	};
	objectVersion = 55;
	objects = {

/* Begin PBXBuildFile section */
		37031F3128D59BBA0080D8D9 /* Realm in Frameworks */ = {isa = PBXBuildFile; productRef = 37031F3028D59BBA0080D8D9 /* Realm */; };
		37031F3328D59BBA0080D8D9 /* RealmSwift in Frameworks */ = {isa = PBXBuildFile; productRef = 37031F3228D59BBA0080D8D9 /* RealmSwift */; };
		37031F3528D59CEE0080D8D9 /* MessageList.swift in Sources */ = {isa = PBXBuildFile; fileRef = 37031F3428D59CEE0080D8D9 /* MessageList.swift */; };
		37031F3928D59F540080D8D9 /* BlessenRepository.swift in Sources */ = {isa = PBXBuildFile; fileRef = 37031F3828D59F540080D8D9 /* BlessenRepository.swift */; };
		370F145828D8C0F800AF6F5F /* DetailImageCell.swift in Sources */ = {isa = PBXBuildFile; fileRef = 370F145728D8C0F800AF6F5F /* DetailImageCell.swift */; };
		370F145A28D8CC9500AF6F5F /* DetailProgressCell.swift in Sources */ = {isa = PBXBuildFile; fileRef = 370F145928D8CC9500AF6F5F /* DetailProgressCell.swift */; };
		373E58DC28D1BDFD00F9EEF5 /* Lesson.swift in Sources */ = {isa = PBXBuildFile; fileRef = 373E58DB28D1BDFD00F9EEF5 /* Lesson.swift */; };
		373E58DE28D1BE1E00F9EEF5 /* Progress.swift in Sources */ = {isa = PBXBuildFile; fileRef = 373E58DD28D1BE1E00F9EEF5 /* Progress.swift */; };
		3754052A28DB0E82004BC475 /* FSCalendar in Frameworks */ = {isa = PBXBuildFile; productRef = 3754052928DB0E82004BC475 /* FSCalendar */; };
		3754052C28DB11AD004BC475 /* CalendarViewCell.swift in Sources */ = {isa = PBXBuildFile; fileRef = 3754052B28DB11AD004BC475 /* CalendarViewCell.swift */; };
		3783425D28CF20A700237B99 /* AppDelegate.swift in Sources */ = {isa = PBXBuildFile; fileRef = 3783425C28CF20A700237B99 /* AppDelegate.swift */; };
		3783425F28CF20A700237B99 /* SceneDelegate.swift in Sources */ = {isa = PBXBuildFile; fileRef = 3783425E28CF20A700237B99 /* SceneDelegate.swift */; };
		3783426128CF20A700237B99 /* ViewController.swift in Sources */ = {isa = PBXBuildFile; fileRef = 3783426028CF20A700237B99 /* ViewController.swift */; };
		3783426428CF20A700237B99 /* Main.storyboard in Resources */ = {isa = PBXBuildFile; fileRef = 3783426228CF20A700237B99 /* Main.storyboard */; };
		3783426628CF20A900237B99 /* Assets.xcassets in Resources */ = {isa = PBXBuildFile; fileRef = 3783426528CF20A900237B99 /* Assets.xcassets */; };
		3783426928CF20A900237B99 /* LaunchScreen.storyboard in Resources */ = {isa = PBXBuildFile; fileRef = 3783426728CF20A900237B99 /* LaunchScreen.storyboard */; };
		3783427B28CF4EF900237B99 /* Student.swift in Sources */ = {isa = PBXBuildFile; fileRef = 3783427A28CF4EF900237B99 /* Student.swift */; };
		37B0D1F328D306CC001B1BEE /* MessageViewController.swift in Sources */ = {isa = PBXBuildFile; fileRef = 37B0D1F228D306CC001B1BEE /* MessageViewController.swift */; };
		37B0D1F528D306DB001B1BEE /* MessageView.swift in Sources */ = {isa = PBXBuildFile; fileRef = 37B0D1F428D306DB001B1BEE /* MessageView.swift */; };
		37B0D1F728D306F0001B1BEE /* MessageTableViewCell.swift in Sources */ = {isa = PBXBuildFile; fileRef = 37B0D1F628D306F0001B1BEE /* MessageTableViewCell.swift */; };
		37B0D1FC28D316B1001B1BEE /* WriteViewController.swift in Sources */ = {isa = PBXBuildFile; fileRef = 37B0D1FB28D316B1001B1BEE /* WriteViewController.swift */; };
		37B0D1FE28D316BD001B1BEE /* WriteView.swift in Sources */ = {isa = PBXBuildFile; fileRef = 37B0D1FD28D316BD001B1BEE /* WriteView.swift */; };
		37B0D20328D3421F001B1BEE /* IQKeyboardManagerSwift in Frameworks */ = {isa = PBXBuildFile; productRef = 37B0D20228D3421F001B1BEE /* IQKeyboardManagerSwift */; };
		37BC2E0828D058FF007B49EE /* Color.swift in Sources */ = {isa = PBXBuildFile; fileRef = 37BC2E0728D058FF007B49EE /* Color.swift */; };
		37BC2E0A28D059C9007B49EE /* ReusableProtocol.swift in Sources */ = {isa = PBXBuildFile; fileRef = 37BC2E0928D059C9007B49EE /* ReusableProtocol.swift */; };
		37BC2E0C28D05A70007B49EE /* MainViewController.swift in Sources */ = {isa = PBXBuildFile; fileRef = 37BC2E0B28D05A70007B49EE /* MainViewController.swift */; };
		37BC2E0E28D05AFC007B49EE /* MainView.swift in Sources */ = {isa = PBXBuildFile; fileRef = 37BC2E0D28D05AFC007B49EE /* MainView.swift */; };
		37BC2E1028D05B13007B49EE /* MainTableViewCell.swift in Sources */ = {isa = PBXBuildFile; fileRef = 37BC2E0F28D05B13007B49EE /* MainTableViewCell.swift */; };
		37BC2E1228D05DB4007B49EE /* Transition+Extension.swift in Sources */ = {isa = PBXBuildFile; fileRef = 37BC2E1128D05DB4007B49EE /* Transition+Extension.swift */; };
		37C24A7028D0871800B2A415 /* BaseTabBarController.swift in Sources */ = {isa = PBXBuildFile; fileRef = 37C24A6F28D0871800B2A415 /* BaseTabBarController.swift */; };
		37C24A7228D088FF00B2A415 /* CalendarViewController.swift in Sources */ = {isa = PBXBuildFile; fileRef = 37C24A7128D088FF00B2A415 /* CalendarViewController.swift */; };
		37C24A7428D0891D00B2A415 /* CalendarView.swift in Sources */ = {isa = PBXBuildFile; fileRef = 37C24A7328D0891D00B2A415 /* CalendarView.swift */; };
		37C24A7628D0899700B2A415 /* CalendarTableViewCell.swift in Sources */ = {isa = PBXBuildFile; fileRef = 37C24A7528D0899700B2A415 /* CalendarTableViewCell.swift */; };
		37C24A7828D08A6000B2A415 /* SettingViewController.swift in Sources */ = {isa = PBXBuildFile; fileRef = 37C24A7728D08A6000B2A415 /* SettingViewController.swift */; };
		37C24A7A28D08A6A00B2A415 /* SettingView.swift in Sources */ = {isa = PBXBuildFile; fileRef = 37C24A7928D08A6A00B2A415 /* SettingView.swift */; };
		37C24A7C28D08A7800B2A415 /* SettingTableViewCell.swift in Sources */ = {isa = PBXBuildFile; fileRef = 37C24A7B28D08A7800B2A415 /* SettingTableViewCell.swift */; };
		37C24A8128D0D98700B2A415 /* RegisterViewController.swift in Sources */ = {isa = PBXBuildFile; fileRef = 37C24A8028D0D98700B2A415 /* RegisterViewController.swift */; };
		37C24A8428D0D9D300B2A415 /* DetailViewController.swift in Sources */ = {isa = PBXBuildFile; fileRef = 37C24A8328D0D9D300B2A415 /* DetailViewController.swift */; };
		37C24A8628D0DFBE00B2A415 /* RegisterView.swift in Sources */ = {isa = PBXBuildFile; fileRef = 37C24A8528D0DFBE00B2A415 /* RegisterView.swift */; };
		37C24A8828D0E0D300B2A415 /* RegisterTableViewCell.swift in Sources */ = {isa = PBXBuildFile; fileRef = 37C24A8728D0E0D300B2A415 /* RegisterTableViewCell.swift */; };
		37C24A8A28D0E1DA00B2A415 /* DetailView.swift in Sources */ = {isa = PBXBuildFile; fileRef = 37C24A8928D0E1DA00B2A415 /* DetailView.swift */; };
		37C24A8C28D0E1F800B2A415 /* DetailTableViewCell.swift in Sources */ = {isa = PBXBuildFile; fileRef = 37C24A8B28D0E1F800B2A415 /* DetailTableViewCell.swift */; };
		37CAF62928E08CF6006D0B0B /* FileManagerExtension.swift in Sources */ = {isa = PBXBuildFile; fileRef = 37CAF62828E08CF6006D0B0B /* FileManagerExtension.swift */; };
		37F632E328D1CED80016CF5A /* RegisterImageCell.swift in Sources */ = {isa = PBXBuildFile; fileRef = 37F632E228D1CED80016CF5A /* RegisterImageCell.swift */; };
		37F632E528D205380016CF5A /* UnderLineTextField.swift in Sources */ = {isa = PBXBuildFile; fileRef = 37F632E428D205380016CF5A /* UnderLineTextField.swift */; };
		37FDEA9F28D05523002CE136 /* SnapKit in Frameworks */ = {isa = PBXBuildFile; productRef = 37FDEA9E28D05523002CE136 /* SnapKit */; };
		37FDEAA128D056AF002CE136 /* BaseViewController.swift in Sources */ = {isa = PBXBuildFile; fileRef = 37FDEAA028D056AF002CE136 /* BaseViewController.swift */; };
		37FDEAA328D056D0002CE136 /* BaseView.swift in Sources */ = {isa = PBXBuildFile; fileRef = 37FDEAA228D056D0002CE136 /* BaseView.swift */; };
		37FDEAA528D0576B002CE136 /* BaseTableViewCell.swift in Sources */ = {isa = PBXBuildFile; fileRef = 37FDEAA428D0576B002CE136 /* BaseTableViewCell.swift */; };
		37FDEAA728D05824002CE136 /* Constants.swift in Sources */ = {isa = PBXBuildFile; fileRef = 37FDEAA628D05824002CE136 /* Constants.swift */; };
/* End PBXBuildFile section */

/* Begin PBXFileReference section */
		37031F3428D59CEE0080D8D9 /* MessageList.swift */ = {isa = PBXFileReference; lastKnownFileType = sourcecode.swift; path = MessageList.swift; sourceTree = "<group>"; };
		37031F3828D59F540080D8D9 /* BlessenRepository.swift */ = {isa = PBXFileReference; lastKnownFileType = sourcecode.swift; path = BlessenRepository.swift; sourceTree = "<group>"; };
		370F145728D8C0F800AF6F5F /* DetailImageCell.swift */ = {isa = PBXFileReference; lastKnownFileType = sourcecode.swift; path = DetailImageCell.swift; sourceTree = "<group>"; };
		370F145928D8CC9500AF6F5F /* DetailProgressCell.swift */ = {isa = PBXFileReference; lastKnownFileType = sourcecode.swift; path = DetailProgressCell.swift; sourceTree = "<group>"; };
		373E58DB28D1BDFD00F9EEF5 /* Lesson.swift */ = {isa = PBXFileReference; lastKnownFileType = sourcecode.swift; path = Lesson.swift; sourceTree = "<group>"; };
		373E58DD28D1BE1E00F9EEF5 /* Progress.swift */ = {isa = PBXFileReference; lastKnownFileType = sourcecode.swift; path = Progress.swift; sourceTree = "<group>"; };
		3754052B28DB11AD004BC475 /* CalendarViewCell.swift */ = {isa = PBXFileReference; lastKnownFileType = sourcecode.swift; path = CalendarViewCell.swift; sourceTree = "<group>"; };
		3783425928CF20A700237B99 /* Blessen.app */ = {isa = PBXFileReference; explicitFileType = wrapper.application; includeInIndex = 0; path = Blessen.app; sourceTree = BUILT_PRODUCTS_DIR; };
		3783425C28CF20A700237B99 /* AppDelegate.swift */ = {isa = PBXFileReference; lastKnownFileType = sourcecode.swift; path = AppDelegate.swift; sourceTree = "<group>"; };
		3783425E28CF20A700237B99 /* SceneDelegate.swift */ = {isa = PBXFileReference; lastKnownFileType = sourcecode.swift; path = SceneDelegate.swift; sourceTree = "<group>"; };
		3783426028CF20A700237B99 /* ViewController.swift */ = {isa = PBXFileReference; lastKnownFileType = sourcecode.swift; path = ViewController.swift; sourceTree = "<group>"; };
		3783426328CF20A700237B99 /* Base */ = {isa = PBXFileReference; lastKnownFileType = file.storyboard; name = Base; path = Base.lproj/Main.storyboard; sourceTree = "<group>"; };
		3783426528CF20A900237B99 /* Assets.xcassets */ = {isa = PBXFileReference; lastKnownFileType = folder.assetcatalog; path = Assets.xcassets; sourceTree = "<group>"; };
		3783426828CF20A900237B99 /* Base */ = {isa = PBXFileReference; lastKnownFileType = file.storyboard; name = Base; path = Base.lproj/LaunchScreen.storyboard; sourceTree = "<group>"; };
		3783426A28CF20A900237B99 /* Info.plist */ = {isa = PBXFileReference; lastKnownFileType = text.plist.xml; path = Info.plist; sourceTree = "<group>"; };
		3783427A28CF4EF900237B99 /* Student.swift */ = {isa = PBXFileReference; lastKnownFileType = sourcecode.swift; path = Student.swift; sourceTree = "<group>"; };
		37B0D1F228D306CC001B1BEE /* MessageViewController.swift */ = {isa = PBXFileReference; lastKnownFileType = sourcecode.swift; path = MessageViewController.swift; sourceTree = "<group>"; };
		37B0D1F428D306DB001B1BEE /* MessageView.swift */ = {isa = PBXFileReference; lastKnownFileType = sourcecode.swift; path = MessageView.swift; sourceTree = "<group>"; };
		37B0D1F628D306F0001B1BEE /* MessageTableViewCell.swift */ = {isa = PBXFileReference; lastKnownFileType = sourcecode.swift; path = MessageTableViewCell.swift; sourceTree = "<group>"; };
		37B0D1FB28D316B1001B1BEE /* WriteViewController.swift */ = {isa = PBXFileReference; lastKnownFileType = sourcecode.swift; path = WriteViewController.swift; sourceTree = "<group>"; };
		37B0D1FD28D316BD001B1BEE /* WriteView.swift */ = {isa = PBXFileReference; lastKnownFileType = sourcecode.swift; path = WriteView.swift; sourceTree = "<group>"; };
		37BC2E0728D058FF007B49EE /* Color.swift */ = {isa = PBXFileReference; lastKnownFileType = sourcecode.swift; path = Color.swift; sourceTree = "<group>"; };
		37BC2E0928D059C9007B49EE /* ReusableProtocol.swift */ = {isa = PBXFileReference; lastKnownFileType = sourcecode.swift; path = ReusableProtocol.swift; sourceTree = "<group>"; };
		37BC2E0B28D05A70007B49EE /* MainViewController.swift */ = {isa = PBXFileReference; lastKnownFileType = sourcecode.swift; path = MainViewController.swift; sourceTree = "<group>"; };
		37BC2E0D28D05AFC007B49EE /* MainView.swift */ = {isa = PBXFileReference; lastKnownFileType = sourcecode.swift; path = MainView.swift; sourceTree = "<group>"; };
		37BC2E0F28D05B13007B49EE /* MainTableViewCell.swift */ = {isa = PBXFileReference; lastKnownFileType = sourcecode.swift; path = MainTableViewCell.swift; sourceTree = "<group>"; };
		37BC2E1128D05DB4007B49EE /* Transition+Extension.swift */ = {isa = PBXFileReference; lastKnownFileType = sourcecode.swift; path = "Transition+Extension.swift"; sourceTree = "<group>"; };
		37C24A6F28D0871800B2A415 /* BaseTabBarController.swift */ = {isa = PBXFileReference; lastKnownFileType = sourcecode.swift; path = BaseTabBarController.swift; sourceTree = "<group>"; };
		37C24A7128D088FF00B2A415 /* CalendarViewController.swift */ = {isa = PBXFileReference; lastKnownFileType = sourcecode.swift; path = CalendarViewController.swift; sourceTree = "<group>"; };
		37C24A7328D0891D00B2A415 /* CalendarView.swift */ = {isa = PBXFileReference; lastKnownFileType = sourcecode.swift; path = CalendarView.swift; sourceTree = "<group>"; };
		37C24A7528D0899700B2A415 /* CalendarTableViewCell.swift */ = {isa = PBXFileReference; lastKnownFileType = sourcecode.swift; path = CalendarTableViewCell.swift; sourceTree = "<group>"; };
		37C24A7728D08A6000B2A415 /* SettingViewController.swift */ = {isa = PBXFileReference; lastKnownFileType = sourcecode.swift; path = SettingViewController.swift; sourceTree = "<group>"; };
		37C24A7928D08A6A00B2A415 /* SettingView.swift */ = {isa = PBXFileReference; lastKnownFileType = sourcecode.swift; path = SettingView.swift; sourceTree = "<group>"; };
		37C24A7B28D08A7800B2A415 /* SettingTableViewCell.swift */ = {isa = PBXFileReference; lastKnownFileType = sourcecode.swift; path = SettingTableViewCell.swift; sourceTree = "<group>"; };
		37C24A8028D0D98700B2A415 /* RegisterViewController.swift */ = {isa = PBXFileReference; lastKnownFileType = sourcecode.swift; path = RegisterViewController.swift; sourceTree = "<group>"; };
		37C24A8328D0D9D300B2A415 /* DetailViewController.swift */ = {isa = PBXFileReference; lastKnownFileType = sourcecode.swift; path = DetailViewController.swift; sourceTree = "<group>"; };
		37C24A8528D0DFBE00B2A415 /* RegisterView.swift */ = {isa = PBXFileReference; lastKnownFileType = sourcecode.swift; path = RegisterView.swift; sourceTree = "<group>"; };
		37C24A8728D0E0D300B2A415 /* RegisterTableViewCell.swift */ = {isa = PBXFileReference; lastKnownFileType = sourcecode.swift; path = RegisterTableViewCell.swift; sourceTree = "<group>"; };
		37C24A8928D0E1DA00B2A415 /* DetailView.swift */ = {isa = PBXFileReference; lastKnownFileType = sourcecode.swift; path = DetailView.swift; sourceTree = "<group>"; };
		37C24A8B28D0E1F800B2A415 /* DetailTableViewCell.swift */ = {isa = PBXFileReference; lastKnownFileType = sourcecode.swift; path = DetailTableViewCell.swift; sourceTree = "<group>"; };
		37CAF62828E08CF6006D0B0B /* FileManagerExtension.swift */ = {isa = PBXFileReference; lastKnownFileType = sourcecode.swift; path = FileManagerExtension.swift; sourceTree = "<group>"; };
		37F632E228D1CED80016CF5A /* RegisterImageCell.swift */ = {isa = PBXFileReference; lastKnownFileType = sourcecode.swift; path = RegisterImageCell.swift; sourceTree = "<group>"; };
		37F632E428D205380016CF5A /* UnderLineTextField.swift */ = {isa = PBXFileReference; lastKnownFileType = sourcecode.swift; path = UnderLineTextField.swift; sourceTree = "<group>"; };
		37FDEAA028D056AF002CE136 /* BaseViewController.swift */ = {isa = PBXFileReference; lastKnownFileType = sourcecode.swift; path = BaseViewController.swift; sourceTree = "<group>"; };
		37FDEAA228D056D0002CE136 /* BaseView.swift */ = {isa = PBXFileReference; lastKnownFileType = sourcecode.swift; path = BaseView.swift; sourceTree = "<group>"; };
		37FDEAA428D0576B002CE136 /* BaseTableViewCell.swift */ = {isa = PBXFileReference; lastKnownFileType = sourcecode.swift; path = BaseTableViewCell.swift; sourceTree = "<group>"; };
		37FDEAA628D05824002CE136 /* Constants.swift */ = {isa = PBXFileReference; lastKnownFileType = sourcecode.swift; path = Constants.swift; sourceTree = "<group>"; };
/* End PBXFileReference section */

/* Begin PBXFrameworksBuildPhase section */
		3783425628CF20A700237B99 /* Frameworks */ = {
			isa = PBXFrameworksBuildPhase;
			buildActionMask = 2147483647;
			files = (
				37031F3328D59BBA0080D8D9 /* RealmSwift in Frameworks */,
				37031F3128D59BBA0080D8D9 /* Realm in Frameworks */,
				37FDEA9F28D05523002CE136 /* SnapKit in Frameworks */,
				3754052A28DB0E82004BC475 /* FSCalendar in Frameworks */,
				37B0D20328D3421F001B1BEE /* IQKeyboardManagerSwift in Frameworks */,
			);
			runOnlyForDeploymentPostprocessing = 0;
		};
/* End PBXFrameworksBuildPhase section */

/* Begin PBXGroup section */
		3783425028CF20A700237B99 = {
			isa = PBXGroup;
			children = (
				3783425B28CF20A700237B99 /* Blessen */,
				3783425A28CF20A700237B99 /* Products */,
			);
			sourceTree = "<group>";
		};
		3783425A28CF20A700237B99 /* Products */ = {
			isa = PBXGroup;
			children = (
				3783425928CF20A700237B99 /* Blessen.app */,
			);
			name = Products;
			sourceTree = "<group>";
		};
		3783425B28CF20A700237B99 /* Blessen */ = {
			isa = PBXGroup;
			children = (
				3783427928CF24CD00237B99 /* Realm */,
				3783427628CF245F00237B99 /* Utility */,
				3783427528CF243200237B99 /* Scene */,
				3783427428CF232600237B99 /* Extension */,
				3783425C28CF20A700237B99 /* AppDelegate.swift */,
				3783425E28CF20A700237B99 /* SceneDelegate.swift */,
				3783426028CF20A700237B99 /* ViewController.swift */,
				3783426228CF20A700237B99 /* Main.storyboard */,
				3783426528CF20A900237B99 /* Assets.xcassets */,
				3783426728CF20A900237B99 /* LaunchScreen.storyboard */,
				3783426A28CF20A900237B99 /* Info.plist */,
			);
			path = Blessen;
			sourceTree = "<group>";
		};
		3783427028CF219B00237B99 /* Main */ = {
			isa = PBXGroup;
			children = (
				37BC2E0B28D05A70007B49EE /* MainViewController.swift */,
				37BC2E0D28D05AFC007B49EE /* MainView.swift */,
				37BC2E0F28D05B13007B49EE /* MainTableViewCell.swift */,
			);
			path = Main;
			sourceTree = "<group>";
		};
		3783427128CF22EB00237B99 /* Calendar */ = {
			isa = PBXGroup;
			children = (
				37C24A7128D088FF00B2A415 /* CalendarViewController.swift */,
				3754052B28DB11AD004BC475 /* CalendarViewCell.swift */,
				37C24A7328D0891D00B2A415 /* CalendarView.swift */,
				37C24A7528D0899700B2A415 /* CalendarTableViewCell.swift */,
			);
			path = Calendar;
			sourceTree = "<group>";
		};
		3783427228CF231100237B99 /* Setting */ = {
			isa = PBXGroup;
			children = (
				37C24A7728D08A6000B2A415 /* SettingViewController.swift */,
				37C24A7B28D08A7800B2A415 /* SettingTableViewCell.swift */,
				37C24A7928D08A6A00B2A415 /* SettingView.swift */,
			);
			path = Setting;
			sourceTree = "<group>";
		};
		3783427428CF232600237B99 /* Extension */ = {
			isa = PBXGroup;
			children = (
				37BC2E1128D05DB4007B49EE /* Transition+Extension.swift */,
				37CAF62828E08CF6006D0B0B /* FileManagerExtension.swift */,
			);
			path = Extension;
			sourceTree = "<group>";
		};
		3783427528CF243200237B99 /* Scene */ = {
			isa = PBXGroup;
			children = (
				3783427028CF219B00237B99 /* Main */,
				37C24A7D28D0D93300B2A415 /* Main_Register */,
				37C24A8228D0D9AC00B2A415 /* Main_Detail */,
				3783427128CF22EB00237B99 /* Calendar */,
				3783427228CF231100237B99 /* Setting */,
				37B0D1F128D30697001B1BEE /* Setting_Message */,
				37B0D1FA28D316A1001B1BEE /* Setting_Message_Write */,
			);
			path = Scene;
			sourceTree = "<group>";
		};
		3783427628CF245F00237B99 /* Utility */ = {
			isa = PBXGroup;
			children = (
				3783427828CF248000237B99 /* CustomView */,
				3783427728CF247800237B99 /* Constant */,
				37FDEAA028D056AF002CE136 /* BaseViewController.swift */,
				37FDEAA228D056D0002CE136 /* BaseView.swift */,
				37FDEAA428D0576B002CE136 /* BaseTableViewCell.swift */,
				37BC2E0928D059C9007B49EE /* ReusableProtocol.swift */,
				37C24A6F28D0871800B2A415 /* BaseTabBarController.swift */,
			);
			path = Utility;
			sourceTree = "<group>";
		};
		3783427728CF247800237B99 /* Constant */ = {
			isa = PBXGroup;
			children = (
				37FDEAA628D05824002CE136 /* Constants.swift */,
				37BC2E0728D058FF007B49EE /* Color.swift */,
			);
			path = Constant;
			sourceTree = "<group>";
		};
		3783427828CF248000237B99 /* CustomView */ = {
			isa = PBXGroup;
			children = (
				37F632E428D205380016CF5A /* UnderLineTextField.swift */,
			);
			path = CustomView;
			sourceTree = "<group>";
		};
		3783427928CF24CD00237B99 /* Realm */ = {
			isa = PBXGroup;
			children = (
				3783427A28CF4EF900237B99 /* Student.swift */,
				373E58DB28D1BDFD00F9EEF5 /* Lesson.swift */,
				373E58DD28D1BE1E00F9EEF5 /* Progress.swift */,
				37031F3428D59CEE0080D8D9 /* MessageList.swift */,
				37031F3828D59F540080D8D9 /* BlessenRepository.swift */,
			);
			path = Realm;
			sourceTree = "<group>";
		};
		37B0D1F128D30697001B1BEE /* Setting_Message */ = {
			isa = PBXGroup;
			children = (
				37B0D1F228D306CC001B1BEE /* MessageViewController.swift */,
				37B0D1F428D306DB001B1BEE /* MessageView.swift */,
				37B0D1F628D306F0001B1BEE /* MessageTableViewCell.swift */,
			);
			path = Setting_Message;
			sourceTree = "<group>";
		};
		37B0D1FA28D316A1001B1BEE /* Setting_Message_Write */ = {
			isa = PBXGroup;
			children = (
				37B0D1FB28D316B1001B1BEE /* WriteViewController.swift */,
				37B0D1FD28D316BD001B1BEE /* WriteView.swift */,
			);
			path = Setting_Message_Write;
			sourceTree = "<group>";
		};
		37C24A7D28D0D93300B2A415 /* Main_Register */ = {
			isa = PBXGroup;
			children = (
				37C24A8028D0D98700B2A415 /* RegisterViewController.swift */,
				37C24A8528D0DFBE00B2A415 /* RegisterView.swift */,
				37C24A8728D0E0D300B2A415 /* RegisterTableViewCell.swift */,
				37F632E228D1CED80016CF5A /* RegisterImageCell.swift */,
			);
			path = Main_Register;
			sourceTree = "<group>";
		};
		37C24A8228D0D9AC00B2A415 /* Main_Detail */ = {
			isa = PBXGroup;
			children = (
				37C24A8328D0D9D300B2A415 /* DetailViewController.swift */,
				37C24A8928D0E1DA00B2A415 /* DetailView.swift */,
				37C24A8B28D0E1F800B2A415 /* DetailTableViewCell.swift */,
				370F145728D8C0F800AF6F5F /* DetailImageCell.swift */,
				370F145928D8CC9500AF6F5F /* DetailProgressCell.swift */,
			);
			path = Main_Detail;
			sourceTree = "<group>";
		};
/* End PBXGroup section */

/* Begin PBXNativeTarget section */
		3783425828CF20A700237B99 /* Blessen */ = {
			isa = PBXNativeTarget;
			buildConfigurationList = 3783426D28CF20A900237B99 /* Build configuration list for PBXNativeTarget "Blessen" */;
			buildPhases = (
				3783425528CF20A700237B99 /* Sources */,
				3783425628CF20A700237B99 /* Frameworks */,
				3783425728CF20A700237B99 /* Resources */,
			);
			buildRules = (
			);
			dependencies = (
			);
			name = Blessen;
			packageProductDependencies = (
				37FDEA9E28D05523002CE136 /* SnapKit */,
				37B0D20228D3421F001B1BEE /* IQKeyboardManagerSwift */,
				37031F3028D59BBA0080D8D9 /* Realm */,
				37031F3228D59BBA0080D8D9 /* RealmSwift */,
				3754052928DB0E82004BC475 /* FSCalendar */,
			);
			productName = Blessen;
			productReference = 3783425928CF20A700237B99 /* Blessen.app */;
			productType = "com.apple.product-type.application";
		};
/* End PBXNativeTarget section */

/* Begin PBXProject section */
		3783425128CF20A700237B99 /* Project object */ = {
			isa = PBXProject;
			attributes = {
				BuildIndependentTargetsInParallel = 1;
				LastSwiftUpdateCheck = 1340;
				LastUpgradeCheck = 1340;
				TargetAttributes = {
					3783425828CF20A700237B99 = {
						CreatedOnToolsVersion = 13.4.1;
					};
				};
			};
			buildConfigurationList = 3783425428CF20A700237B99 /* Build configuration list for PBXProject "Blessen" */;
			compatibilityVersion = "Xcode 13.0";
			developmentRegion = en;
			hasScannedForEncodings = 0;
			knownRegions = (
				en,
				Base,
			);
			mainGroup = 3783425028CF20A700237B99;
			packageReferences = (
				37FDEA9D28D05523002CE136 /* XCRemoteSwiftPackageReference "SnapKit" */,
				37B0D20128D3421F001B1BEE /* XCRemoteSwiftPackageReference "IQKeyboardManager" */,
				37031F2F28D59BBA0080D8D9 /* XCRemoteSwiftPackageReference "realm-swift" */,
				3754052828DB0E82004BC475 /* XCRemoteSwiftPackageReference "FSCalendar" */,
			);
			productRefGroup = 3783425A28CF20A700237B99 /* Products */;
			projectDirPath = "";
			projectRoot = "";
			targets = (
				3783425828CF20A700237B99 /* Blessen */,
			);
		};
/* End PBXProject section */

/* Begin PBXResourcesBuildPhase section */
		3783425728CF20A700237B99 /* Resources */ = {
			isa = PBXResourcesBuildPhase;
			buildActionMask = 2147483647;
			files = (
				3783426928CF20A900237B99 /* LaunchScreen.storyboard in Resources */,
				3783426628CF20A900237B99 /* Assets.xcassets in Resources */,
				3783426428CF20A700237B99 /* Main.storyboard in Resources */,
			);
			runOnlyForDeploymentPostprocessing = 0;
		};
/* End PBXResourcesBuildPhase section */

/* Begin PBXSourcesBuildPhase section */
		3783425528CF20A700237B99 /* Sources */ = {
			isa = PBXSourcesBuildPhase;
			buildActionMask = 2147483647;
			files = (
				37C24A8C28D0E1F800B2A415 /* DetailTableViewCell.swift in Sources */,
				37C24A7228D088FF00B2A415 /* CalendarViewController.swift in Sources */,
				37C24A8128D0D98700B2A415 /* RegisterViewController.swift in Sources */,
				37CAF62928E08CF6006D0B0B /* FileManagerExtension.swift in Sources */,
				37B0D1F728D306F0001B1BEE /* MessageTableViewCell.swift in Sources */,
				37C24A8428D0D9D300B2A415 /* DetailViewController.swift in Sources */,
				37C24A7A28D08A6A00B2A415 /* SettingView.swift in Sources */,
				37BC2E1028D05B13007B49EE /* MainTableViewCell.swift in Sources */,
				37B0D1F528D306DB001B1BEE /* MessageView.swift in Sources */,
				37FDEAA128D056AF002CE136 /* BaseViewController.swift in Sources */,
				37C24A7428D0891D00B2A415 /* CalendarView.swift in Sources */,
				37C24A8A28D0E1DA00B2A415 /* DetailView.swift in Sources */,
				370F145A28D8CC9500AF6F5F /* DetailProgressCell.swift in Sources */,
				37C24A7028D0871800B2A415 /* BaseTabBarController.swift in Sources */,
				37031F3928D59F540080D8D9 /* BlessenRepository.swift in Sources */,
				37BC2E0E28D05AFC007B49EE /* MainView.swift in Sources */,
				37B0D1FC28D316B1001B1BEE /* WriteViewController.swift in Sources */,
				37C24A7628D0899700B2A415 /* CalendarTableViewCell.swift in Sources */,
				373E58DE28D1BE1E00F9EEF5 /* Progress.swift in Sources */,
				370F145828D8C0F800AF6F5F /* DetailImageCell.swift in Sources */,
				37F632E528D205380016CF5A /* UnderLineTextField.swift in Sources */,
				37BC2E0C28D05A70007B49EE /* MainViewController.swift in Sources */,
				3754052C28DB11AD004BC475 /* CalendarViewCell.swift in Sources */,
				37C24A7C28D08A7800B2A415 /* SettingTableViewCell.swift in Sources */,
				3783426128CF20A700237B99 /* ViewController.swift in Sources */,
				37B0D1FE28D316BD001B1BEE /* WriteView.swift in Sources */,
				37BC2E0A28D059C9007B49EE /* ReusableProtocol.swift in Sources */,
				3783425D28CF20A700237B99 /* AppDelegate.swift in Sources */,
				37FDEAA328D056D0002CE136 /* BaseView.swift in Sources */,
				37BC2E1228D05DB4007B49EE /* Transition+Extension.swift in Sources */,
				37F632E328D1CED80016CF5A /* RegisterImageCell.swift in Sources */,
				37FDEAA528D0576B002CE136 /* BaseTableViewCell.swift in Sources */,
				3783425F28CF20A700237B99 /* SceneDelegate.swift in Sources */,
				37031F3528D59CEE0080D8D9 /* MessageList.swift in Sources */,
				3783427B28CF4EF900237B99 /* Student.swift in Sources */,
				37C24A7828D08A6000B2A415 /* SettingViewController.swift in Sources */,
				37B0D1F328D306CC001B1BEE /* MessageViewController.swift in Sources */,
				373E58DC28D1BDFD00F9EEF5 /* Lesson.swift in Sources */,
				37C24A8628D0DFBE00B2A415 /* RegisterView.swift in Sources */,
				37C24A8828D0E0D300B2A415 /* RegisterTableViewCell.swift in Sources */,
				37FDEAA728D05824002CE136 /* Constants.swift in Sources */,
				37BC2E0828D058FF007B49EE /* Color.swift in Sources */,
			);
			runOnlyForDeploymentPostprocessing = 0;
		};
/* End PBXSourcesBuildPhase section */

/* Begin PBXVariantGroup section */
		3783426228CF20A700237B99 /* Main.storyboard */ = {
			isa = PBXVariantGroup;
			children = (
				3783426328CF20A700237B99 /* Base */,
			);
			name = Main.storyboard;
			sourceTree = "<group>";
		};
		3783426728CF20A900237B99 /* LaunchScreen.storyboard */ = {
			isa = PBXVariantGroup;
			children = (
				3783426828CF20A900237B99 /* Base */,
			);
			name = LaunchScreen.storyboard;
			sourceTree = "<group>";
		};
/* End PBXVariantGroup section */

/* Begin XCBuildConfiguration section */
		3783426B28CF20A900237B99 /* Debug */ = {
			isa = XCBuildConfiguration;
			buildSettings = {
				ALWAYS_SEARCH_USER_PATHS = NO;
				CLANG_ANALYZER_NONNULL = YES;
				CLANG_ANALYZER_NUMBER_OBJECT_CONVERSION = YES_AGGRESSIVE;
				CLANG_CXX_LANGUAGE_STANDARD = "gnu++17";
				CLANG_ENABLE_MODULES = YES;
				CLANG_ENABLE_OBJC_ARC = YES;
				CLANG_ENABLE_OBJC_WEAK = YES;
				CLANG_WARN_BLOCK_CAPTURE_AUTORELEASING = YES;
				CLANG_WARN_BOOL_CONVERSION = YES;
				CLANG_WARN_COMMA = YES;
				CLANG_WARN_CONSTANT_CONVERSION = YES;
				CLANG_WARN_DEPRECATED_OBJC_IMPLEMENTATIONS = YES;
				CLANG_WARN_DIRECT_OBJC_ISA_USAGE = YES_ERROR;
				CLANG_WARN_DOCUMENTATION_COMMENTS = YES;
				CLANG_WARN_EMPTY_BODY = YES;
				CLANG_WARN_ENUM_CONVERSION = YES;
				CLANG_WARN_INFINITE_RECURSION = YES;
				CLANG_WARN_INT_CONVERSION = YES;
				CLANG_WARN_NON_LITERAL_NULL_CONVERSION = YES;
				CLANG_WARN_OBJC_IMPLICIT_RETAIN_SELF = YES;
				CLANG_WARN_OBJC_LITERAL_CONVERSION = YES;
				CLANG_WARN_OBJC_ROOT_CLASS = YES_ERROR;
				CLANG_WARN_QUOTED_INCLUDE_IN_FRAMEWORK_HEADER = YES;
				CLANG_WARN_RANGE_LOOP_ANALYSIS = YES;
				CLANG_WARN_STRICT_PROTOTYPES = YES;
				CLANG_WARN_SUSPICIOUS_MOVE = YES;
				CLANG_WARN_UNGUARDED_AVAILABILITY = YES_AGGRESSIVE;
				CLANG_WARN_UNREACHABLE_CODE = YES;
				CLANG_WARN__DUPLICATE_METHOD_MATCH = YES;
				COPY_PHASE_STRIP = NO;
				DEBUG_INFORMATION_FORMAT = dwarf;
				ENABLE_STRICT_OBJC_MSGSEND = YES;
				ENABLE_TESTABILITY = YES;
				GCC_C_LANGUAGE_STANDARD = gnu11;
				GCC_DYNAMIC_NO_PIC = NO;
				GCC_NO_COMMON_BLOCKS = YES;
				GCC_OPTIMIZATION_LEVEL = 0;
				GCC_PREPROCESSOR_DEFINITIONS = (
					"DEBUG=1",
					"$(inherited)",
				);
				GCC_WARN_64_TO_32_BIT_CONVERSION = YES;
				GCC_WARN_ABOUT_RETURN_TYPE = YES_ERROR;
				GCC_WARN_UNDECLARED_SELECTOR = YES;
				GCC_WARN_UNINITIALIZED_AUTOS = YES_AGGRESSIVE;
				GCC_WARN_UNUSED_FUNCTION = YES;
				GCC_WARN_UNUSED_VARIABLE = YES;
				IPHONEOS_DEPLOYMENT_TARGET = 15.0;
				MTL_ENABLE_DEBUG_INFO = INCLUDE_SOURCE;
				MTL_FAST_MATH = YES;
				ONLY_ACTIVE_ARCH = YES;
				SDKROOT = iphoneos;
				SWIFT_ACTIVE_COMPILATION_CONDITIONS = DEBUG;
				SWIFT_OPTIMIZATION_LEVEL = "-Onone";
			};
			name = Debug;
		};
		3783426C28CF20A900237B99 /* Release */ = {
			isa = XCBuildConfiguration;
			buildSettings = {
				ALWAYS_SEARCH_USER_PATHS = NO;
				CLANG_ANALYZER_NONNULL = YES;
				CLANG_ANALYZER_NUMBER_OBJECT_CONVERSION = YES_AGGRESSIVE;
				CLANG_CXX_LANGUAGE_STANDARD = "gnu++17";
				CLANG_ENABLE_MODULES = YES;
				CLANG_ENABLE_OBJC_ARC = YES;
				CLANG_ENABLE_OBJC_WEAK = YES;
				CLANG_WARN_BLOCK_CAPTURE_AUTORELEASING = YES;
				CLANG_WARN_BOOL_CONVERSION = YES;
				CLANG_WARN_COMMA = YES;
				CLANG_WARN_CONSTANT_CONVERSION = YES;
				CLANG_WARN_DEPRECATED_OBJC_IMPLEMENTATIONS = YES;
				CLANG_WARN_DIRECT_OBJC_ISA_USAGE = YES_ERROR;
				CLANG_WARN_DOCUMENTATION_COMMENTS = YES;
				CLANG_WARN_EMPTY_BODY = YES;
				CLANG_WARN_ENUM_CONVERSION = YES;
				CLANG_WARN_INFINITE_RECURSION = YES;
				CLANG_WARN_INT_CONVERSION = YES;
				CLANG_WARN_NON_LITERAL_NULL_CONVERSION = YES;
				CLANG_WARN_OBJC_IMPLICIT_RETAIN_SELF = YES;
				CLANG_WARN_OBJC_LITERAL_CONVERSION = YES;
				CLANG_WARN_OBJC_ROOT_CLASS = YES_ERROR;
				CLANG_WARN_QUOTED_INCLUDE_IN_FRAMEWORK_HEADER = YES;
				CLANG_WARN_RANGE_LOOP_ANALYSIS = YES;
				CLANG_WARN_STRICT_PROTOTYPES = YES;
				CLANG_WARN_SUSPICIOUS_MOVE = YES;
				CLANG_WARN_UNGUARDED_AVAILABILITY = YES_AGGRESSIVE;
				CLANG_WARN_UNREACHABLE_CODE = YES;
				CLANG_WARN__DUPLICATE_METHOD_MATCH = YES;
				COPY_PHASE_STRIP = NO;
				DEBUG_INFORMATION_FORMAT = "dwarf-with-dsym";
				ENABLE_NS_ASSERTIONS = NO;
				ENABLE_STRICT_OBJC_MSGSEND = YES;
				GCC_C_LANGUAGE_STANDARD = gnu11;
				GCC_NO_COMMON_BLOCKS = YES;
				GCC_WARN_64_TO_32_BIT_CONVERSION = YES;
				GCC_WARN_ABOUT_RETURN_TYPE = YES_ERROR;
				GCC_WARN_UNDECLARED_SELECTOR = YES;
				GCC_WARN_UNINITIALIZED_AUTOS = YES_AGGRESSIVE;
				GCC_WARN_UNUSED_FUNCTION = YES;
				GCC_WARN_UNUSED_VARIABLE = YES;
				IPHONEOS_DEPLOYMENT_TARGET = 15.0;
				MTL_ENABLE_DEBUG_INFO = NO;
				MTL_FAST_MATH = YES;
				SDKROOT = iphoneos;
				SWIFT_COMPILATION_MODE = wholemodule;
				SWIFT_OPTIMIZATION_LEVEL = "-O";
				VALIDATE_PRODUCT = YES;
			};
			name = Release;
		};
		3783426E28CF20A900237B99 /* Debug */ = {
			isa = XCBuildConfiguration;
			buildSettings = {
				ASSETCATALOG_COMPILER_APPICON_NAME = AppIcon;
				ASSETCATALOG_COMPILER_GLOBAL_ACCENT_COLOR_NAME = AccentColor;
				CODE_SIGN_STYLE = Automatic;
				CURRENT_PROJECT_VERSION = 4;
				DEVELOPMENT_TEAM = H2FTMY38H7;
				GENERATE_INFOPLIST_FILE = YES;
				INFOPLIST_FILE = Blessen/Info.plist;
				INFOPLIST_KEY_CFBundleDisplayName = Blesson;
				INFOPLIST_KEY_NSCameraUsageDescription = "사용자의 회원 관리를 위해 카메라를 사용합니다.";
				INFOPLIST_KEY_NSPhotoLibraryUsageDescription = "사용자의 회원 관리를 위해 포토 앨범을 사용합니다.";
				INFOPLIST_KEY_UIApplicationSupportsIndirectInputEvents = YES;
				INFOPLIST_KEY_UILaunchStoryboardName = LaunchScreen;
				INFOPLIST_KEY_UIMainStoryboardFile = Main;
				INFOPLIST_KEY_UISupportedInterfaceOrientations = UIInterfaceOrientationPortrait;
				INFOPLIST_KEY_UISupportedInterfaceOrientations_iPad = UIInterfaceOrientationPortrait;
				INFOPLIST_KEY_UISupportedInterfaceOrientations_iPhone = UIInterfaceOrientationPortrait;
				IPHONEOS_DEPLOYMENT_TARGET = 15.0;
				LD_RUNPATH_SEARCH_PATHS = (
					"$(inherited)",
					"@executable_path/Frameworks",
				);
				MARKETING_VERSION = 1.0;
				PRODUCT_BUNDLE_IDENTIFIER = com.jooyoung.Blesson;
				PRODUCT_NAME = "$(TARGET_NAME)";
				SWIFT_EMIT_LOC_STRINGS = YES;
				SWIFT_VERSION = 5.0;
				TARGETED_DEVICE_FAMILY = 1;
			};
			name = Debug;
		};
		3783426F28CF20A900237B99 /* Release */ = {
			isa = XCBuildConfiguration;
			buildSettings = {
				ASSETCATALOG_COMPILER_APPICON_NAME = AppIcon;
				ASSETCATALOG_COMPILER_GLOBAL_ACCENT_COLOR_NAME = AccentColor;
				CODE_SIGN_STYLE = Automatic;
				CURRENT_PROJECT_VERSION = 4;
				DEVELOPMENT_TEAM = H2FTMY38H7;
				GENERATE_INFOPLIST_FILE = YES;
				INFOPLIST_FILE = Blessen/Info.plist;
				INFOPLIST_KEY_CFBundleDisplayName = Blesson;
				INFOPLIST_KEY_NSCameraUsageDescription = "사용자의 회원 관리를 위해 카메라를 사용합니다.";
				INFOPLIST_KEY_NSPhotoLibraryUsageDescription = "사용자의 회원 관리를 위해 포토 앨범을 사용합니다.";
				INFOPLIST_KEY_UIApplicationSupportsIndirectInputEvents = YES;
				INFOPLIST_KEY_UILaunchStoryboardName = LaunchScreen;
				INFOPLIST_KEY_UIMainStoryboardFile = Main;
				INFOPLIST_KEY_UISupportedInterfaceOrientations = UIInterfaceOrientationPortrait;
				INFOPLIST_KEY_UISupportedInterfaceOrientations_iPad = UIInterfaceOrientationPortrait;
				INFOPLIST_KEY_UISupportedInterfaceOrientations_iPhone = UIInterfaceOrientationPortrait;
				IPHONEOS_DEPLOYMENT_TARGET = 15.0;
				LD_RUNPATH_SEARCH_PATHS = (
					"$(inherited)",
					"@executable_path/Frameworks",
				);
				MARKETING_VERSION = 1.0;
				PRODUCT_BUNDLE_IDENTIFIER = com.jooyoung.Blesson;
				PRODUCT_NAME = "$(TARGET_NAME)";
				SWIFT_EMIT_LOC_STRINGS = YES;
				SWIFT_VERSION = 5.0;
				TARGETED_DEVICE_FAMILY = 1;
			};
			name = Release;
		};
/* End XCBuildConfiguration section */

/* Begin XCConfigurationList section */
		3783425428CF20A700237B99 /* Build configuration list for PBXProject "Blessen" */ = {
			isa = XCConfigurationList;
			buildConfigurations = (
				3783426B28CF20A900237B99 /* Debug */,
				3783426C28CF20A900237B99 /* Release */,
			);
			defaultConfigurationIsVisible = 0;
			defaultConfigurationName = Release;
		};
		3783426D28CF20A900237B99 /* Build configuration list for PBXNativeTarget "Blessen" */ = {
			isa = XCConfigurationList;
			buildConfigurations = (
				3783426E28CF20A900237B99 /* Debug */,
				3783426F28CF20A900237B99 /* Release */,
			);
			defaultConfigurationIsVisible = 0;
			defaultConfigurationName = Release;
		};
/* End XCConfigurationList section */

/* Begin XCRemoteSwiftPackageReference section */
		37031F2F28D59BBA0080D8D9 /* XCRemoteSwiftPackageReference "realm-swift" */ = {
			isa = XCRemoteSwiftPackageReference;
			repositoryURL = "https://github.com/realm/realm-swift.git";
			requirement = {
				kind = upToNextMajorVersion;
				minimumVersion = 10.0.0;
			};
		};
		3754052828DB0E82004BC475 /* XCRemoteSwiftPackageReference "FSCalendar" */ = {
			isa = XCRemoteSwiftPackageReference;
			repositoryURL = "https://github.com/WenchaoD/FSCalendar.git";
			requirement = {
				kind = upToNextMajorVersion;
				minimumVersion = 2.0.0;
			};
		};
		37B0D20128D3421F001B1BEE /* XCRemoteSwiftPackageReference "IQKeyboardManager" */ = {
			isa = XCRemoteSwiftPackageReference;
			repositoryURL = "https://github.com/hackiftekhar/IQKeyboardManager.git";
			requirement = {
				kind = upToNextMajorVersion;
				minimumVersion = 6.5.0;
			};
		};
		37FDEA9D28D05523002CE136 /* XCRemoteSwiftPackageReference "SnapKit" */ = {
			isa = XCRemoteSwiftPackageReference;
			repositoryURL = "https://github.com/SnapKit/SnapKit.git";
			requirement = {
				kind = upToNextMajorVersion;
				minimumVersion = 5.0.0;
			};
		};
/* End XCRemoteSwiftPackageReference section */

/* Begin XCSwiftPackageProductDependency section */
		37031F3028D59BBA0080D8D9 /* Realm */ = {
			isa = XCSwiftPackageProductDependency;
			package = 37031F2F28D59BBA0080D8D9 /* XCRemoteSwiftPackageReference "realm-swift" */;
			productName = Realm;
		};
		37031F3228D59BBA0080D8D9 /* RealmSwift */ = {
			isa = XCSwiftPackageProductDependency;
			package = 37031F2F28D59BBA0080D8D9 /* XCRemoteSwiftPackageReference "realm-swift" */;
			productName = RealmSwift;
		};
		3754052928DB0E82004BC475 /* FSCalendar */ = {
			isa = XCSwiftPackageProductDependency;
			package = 3754052828DB0E82004BC475 /* XCRemoteSwiftPackageReference "FSCalendar" */;
			productName = FSCalendar;
		};
		37B0D20228D3421F001B1BEE /* IQKeyboardManagerSwift */ = {
			isa = XCSwiftPackageProductDependency;
			package = 37B0D20128D3421F001B1BEE /* XCRemoteSwiftPackageReference "IQKeyboardManager" */;
			productName = IQKeyboardManagerSwift;
		};
		37FDEA9E28D05523002CE136 /* SnapKit */ = {
			isa = XCSwiftPackageProductDependency;
			package = 37FDEA9D28D05523002CE136 /* XCRemoteSwiftPackageReference "SnapKit" */;
			productName = SnapKit;
		};
/* End XCSwiftPackageProductDependency section */
	};
	rootObject = 3783425128CF20A700237B99 /* Project object */;
}
